// !$*UTF8*$!
{
	archiveVersion = 1;
	classes = {
	};
	objectVersion = 55;
	objects = {

/* Begin PBXBuildFile section */
		FA0E2A04277DC4D500D2DC92 /* AlexWindowController.swift in Sources */ = {isa = PBXBuildFile; fileRef = FA0E2A03277DC4D500D2DC92 /* AlexWindowController.swift */; };
		FA39000E27744330001CD707 /* Ut.swift in Sources */ = {isa = PBXBuildFile; fileRef = FA39000D27744330001CD707 /* Ut.swift */; };
		FA69ECF927622A590073C027 /* AppDelegate.swift in Sources */ = {isa = PBXBuildFile; fileRef = FA69ECF827622A590073C027 /* AppDelegate.swift */; };
		FA69ECFB27622A590073C027 /* ViewController.swift in Sources */ = {isa = PBXBuildFile; fileRef = FA69ECFA27622A590073C027 /* ViewController.swift */; };
		FA69ECFD27622A5A0073C027 /* Assets.xcassets in Resources */ = {isa = PBXBuildFile; fileRef = FA69ECFC27622A5A0073C027 /* Assets.xcassets */; };
		FA69ED0027622A5A0073C027 /* Main.storyboard in Resources */ = {isa = PBXBuildFile; fileRef = FA69ECFE27622A5A0073C027 /* Main.storyboard */; };
		FA69ED0A27622D3C0073C027 /* NSImageExtension.swift in Sources */ = {isa = PBXBuildFile; fileRef = FA69ED0927622D3C0073C027 /* NSImageExtension.swift */; };
		FA69ED0C27622D980073C027 /* CVPixelBufferExtension.swift in Sources */ = {isa = PBXBuildFile; fileRef = FA69ED0B27622D980073C027 /* CVPixelBufferExtension.swift */; };
		FA69ED0E27622DE30073C027 /* alexmodel.mlmodel in Sources */ = {isa = PBXBuildFile; fileRef = FA69ED0D27622DE30073C027 /* alexmodel.mlmodel */; };
		FA88984727783F5100C7F45F /* DataProcess.swift in Sources */ = {isa = PBXBuildFile; fileRef = FA88984627783F5100C7F45F /* DataProcess.swift */; };
		FA8D955227625AE400B8194C /* Capturer.swift in Sources */ = {isa = PBXBuildFile; fileRef = FA8D955127625AE400B8194C /* Capturer.swift */; };
		FAB6C4C82796D730002B38D2 /* SyncAudio.c in Sources */ = {isa = PBXBuildFile; fileRef = FAB6C4C62796D72F002B38D2 /* SyncAudio.c */; };
		FAB6C4C92796E010002B38D2 /* CoreFoundation.framework in Frameworks */ = {isa = PBXBuildFile; fileRef = FAEA119327859452003F6248 /* CoreFoundation.framework */; };
		FAB6C4CC2796EC87002B38D2 /* Localizable.strings in Resources */ = {isa = PBXBuildFile; fileRef = FAB6C4CA2796EC87002B38D2 /* Localizable.strings */; };
		FAE681F9279D635200E76B37 /* Accelerate.framework in Frameworks */ = {isa = PBXBuildFile; fileRef = FAEA119227859452003F6248 /* Accelerate.framework */; };
		FAE681FA279D636200E76B37 /* CoreAudio.framework in Frameworks */ = {isa = PBXBuildFile; fileRef = FAEA119127859452003F6248 /* CoreAudio.framework */; };
/* End PBXBuildFile section */

/* Begin PBXCopyFilesBuildPhase section */
		FA74B005278302E60084F256 /* Embed System Extensions */ = {
			isa = PBXCopyFilesBuildPhase;
			buildActionMask = 2147483647;
			dstPath = "$(SYSTEM_EXTENSIONS_FOLDER_PATH)";
			dstSubfolderSpec = 16;
			files = (
			);
			name = "Embed System Extensions";
			runOnlyForDeploymentPostprocessing = 0;
		};
		FAEA114F27853114003F6248 /* Embed App Extensions */ = {
			isa = PBXCopyFilesBuildPhase;
			buildActionMask = 2147483647;
			dstPath = "";
			dstSubfolderSpec = 13;
			files = (
			);
			name = "Embed App Extensions";
			runOnlyForDeploymentPostprocessing = 0;
		};
/* End PBXCopyFilesBuildPhase section */

/* Begin PBXFileReference section */
		FA0E2A03277DC4D500D2DC92 /* AlexWindowController.swift */ = {isa = PBXFileReference; lastKnownFileType = sourcecode.swift; path = AlexWindowController.swift; sourceTree = "<group>"; };
		FA39000D27744330001CD707 /* Ut.swift */ = {isa = PBXFileReference; lastKnownFileType = sourcecode.swift; path = Ut.swift; sourceTree = "<group>"; };
		FA69ECF527622A590073C027 /* MetaBackground.app */ = {isa = PBXFileReference; explicitFileType = wrapper.application; includeInIndex = 0; path = MetaBackground.app; sourceTree = BUILT_PRODUCTS_DIR; };
		FA69ECF827622A590073C027 /* AppDelegate.swift */ = {isa = PBXFileReference; lastKnownFileType = sourcecode.swift; path = AppDelegate.swift; sourceTree = "<group>"; };
		FA69ECFA27622A590073C027 /* ViewController.swift */ = {isa = PBXFileReference; lastKnownFileType = sourcecode.swift; path = ViewController.swift; sourceTree = "<group>"; };
		FA69ECFC27622A5A0073C027 /* Assets.xcassets */ = {isa = PBXFileReference; lastKnownFileType = folder.assetcatalog; path = Assets.xcassets; sourceTree = "<group>"; };
		FA69ECFF27622A5A0073C027 /* Base */ = {isa = PBXFileReference; lastKnownFileType = file.storyboard; name = Base; path = Base.lproj/Main.storyboard; sourceTree = "<group>"; };
		FA69ED0127622A5A0073C027 /* MetaBackground.entitlements */ = {isa = PBXFileReference; lastKnownFileType = text.plist.entitlements; path = MetaBackground.entitlements; sourceTree = "<group>"; };
		FA69ED0927622D3C0073C027 /* NSImageExtension.swift */ = {isa = PBXFileReference; fileEncoding = 4; lastKnownFileType = sourcecode.swift; path = NSImageExtension.swift; sourceTree = "<group>"; };
		FA69ED0B27622D980073C027 /* CVPixelBufferExtension.swift */ = {isa = PBXFileReference; fileEncoding = 4; lastKnownFileType = sourcecode.swift; path = CVPixelBufferExtension.swift; sourceTree = "<group>"; };
		FA69ED0D27622DE30073C027 /* alexmodel.mlmodel */ = {isa = PBXFileReference; lastKnownFileType = file.mlmodel; path = alexmodel.mlmodel; sourceTree = "<group>"; };
		FA88984627783F5100C7F45F /* DataProcess.swift */ = {isa = PBXFileReference; fileEncoding = 4; lastKnownFileType = sourcecode.swift; path = DataProcess.swift; sourceTree = "<group>"; };
		FA8D955127625AE400B8194C /* Capturer.swift */ = {isa = PBXFileReference; lastKnownFileType = sourcecode.swift; path = Capturer.swift; sourceTree = "<group>"; };
		FAB6C4B72796D14C002B38D2 /* SyncAudio.driver */ = {isa = PBXFileReference; explicitFileType = wrapper.cfbundle; includeInIndex = 0; path = SyncAudio.driver; sourceTree = BUILT_PRODUCTS_DIR; };
		FAB6C4C52796D72F002B38D2 /* SyncAudio-Info.plist */ = {isa = PBXFileReference; fileEncoding = 4; lastKnownFileType = text.plist.xml; path = "SyncAudio-Info.plist"; sourceTree = "<group>"; };
		FAB6C4C62796D72F002B38D2 /* SyncAudio.c */ = {isa = PBXFileReference; fileEncoding = 4; lastKnownFileType = sourcecode.c.c; path = SyncAudio.c; sourceTree = "<group>"; };
		FAB6C4CB2796EC87002B38D2 /* en */ = {isa = PBXFileReference; lastKnownFileType = text.plist.strings; name = en; path = en.lproj/Localizable.strings; sourceTree = "<group>"; };
		FAEA119027859452003F6248 /* Kernel.framework */ = {isa = PBXFileReference; lastKnownFileType = wrapper.framework; name = Kernel.framework; path = System/Library/Frameworks/Kernel.framework; sourceTree = SDKROOT; };
		FAEA119127859452003F6248 /* CoreAudio.framework */ = {isa = PBXFileReference; lastKnownFileType = wrapper.framework; name = CoreAudio.framework; path = System/Library/Frameworks/CoreAudio.framework; sourceTree = SDKROOT; };
		FAEA119227859452003F6248 /* Accelerate.framework */ = {isa = PBXFileReference; lastKnownFileType = wrapper.framework; name = Accelerate.framework; path = System/Library/Frameworks/Accelerate.framework; sourceTree = SDKROOT; };
		FAEA119327859452003F6248 /* CoreFoundation.framework */ = {isa = PBXFileReference; lastKnownFileType = wrapper.framework; name = CoreFoundation.framework; path = System/Library/Frameworks/CoreFoundation.framework; sourceTree = SDKROOT; };
		FAEA119427859452003F6248 /* IOKit.framework */ = {isa = PBXFileReference; lastKnownFileType = wrapper.framework; name = IOKit.framework; path = System/Library/Frameworks/IOKit.framework; sourceTree = SDKROOT; };
/* End PBXFileReference section */

/* Begin PBXFrameworksBuildPhase section */
		FA69ECF227622A590073C027 /* Frameworks */ = {
			isa = PBXFrameworksBuildPhase;
			buildActionMask = 2147483647;
			files = (
			);
			runOnlyForDeploymentPostprocessing = 0;
		};
		FAB6C4B42796D14C002B38D2 /* Frameworks */ = {
			isa = PBXFrameworksBuildPhase;
			buildActionMask = 2147483647;
			files = (
				FAE681FA279D636200E76B37 /* CoreAudio.framework in Frameworks */,
				FAE681F9279D635200E76B37 /* Accelerate.framework in Frameworks */,
				FAB6C4C92796E010002B38D2 /* CoreFoundation.framework in Frameworks */,
			);
			runOnlyForDeploymentPostprocessing = 0;
		};
/* End PBXFrameworksBuildPhase section */

/* Begin PBXGroup section */
		FA69ECEC27622A590073C027 = {
			isa = PBXGroup;
			children = (
				FAB6C4BC2796D227002B38D2 /* SyncAudio */,
				FAEA118F2785941C003F6248 /* Frameworks */,
				FA69ECF727622A590073C027 /* MetaBackground */,
				FA69ECF627622A590073C027 /* Products */,
			);
			sourceTree = "<group>";
		};
		FA69ECF627622A590073C027 /* Products */ = {
			isa = PBXGroup;
			children = (
				FA69ECF527622A590073C027 /* MetaBackground.app */,
				FAB6C4B72796D14C002B38D2 /* SyncAudio.driver */,
			);
			name = Products;
			sourceTree = "<group>";
		};
		FA69ECF727622A590073C027 /* MetaBackground */ = {
			isa = PBXGroup;
			children = (
				FA88984627783F5100C7F45F /* DataProcess.swift */,
				FA69ECF827622A590073C027 /* AppDelegate.swift */,
				FA69ECFA27622A590073C027 /* ViewController.swift */,
				FA8D955127625AE400B8194C /* Capturer.swift */,
				FA69ED0D27622DE30073C027 /* alexmodel.mlmodel */,
				FA69ECFC27622A5A0073C027 /* Assets.xcassets */,
				FA69ED0B27622D980073C027 /* CVPixelBufferExtension.swift */,
				FA69ECFE27622A5A0073C027 /* Main.storyboard */,
				FA69ED0127622A5A0073C027 /* MetaBackground.entitlements */,
				FA69ED0927622D3C0073C027 /* NSImageExtension.swift */,
				FA39000D27744330001CD707 /* Ut.swift */,
				FA0E2A03277DC4D500D2DC92 /* AlexWindowController.swift */,
			);
			path = MetaBackground;
			sourceTree = "<group>";
		};
		FAB6C4BC2796D227002B38D2 /* SyncAudio */ = {
			isa = PBXGroup;
			children = (
				FAB6C4CA2796EC87002B38D2 /* Localizable.strings */,
				FAB6C4C52796D72F002B38D2 /* SyncAudio-Info.plist */,
				FAB6C4C62796D72F002B38D2 /* SyncAudio.c */,
			);
			path = SyncAudio;
			sourceTree = "<group>";
		};
		FAEA118F2785941C003F6248 /* Frameworks */ = {
			isa = PBXGroup;
			children = (
				FAEA119227859452003F6248 /* Accelerate.framework */,
				FAEA119127859452003F6248 /* CoreAudio.framework */,
				FAEA119327859452003F6248 /* CoreFoundation.framework */,
				FAEA119427859452003F6248 /* IOKit.framework */,
				FAEA119027859452003F6248 /* Kernel.framework */,
			);
			name = Frameworks;
			sourceTree = "<group>";
		};
/* End PBXGroup section */

/* Begin PBXNativeTarget section */
		FA69ECF427622A590073C027 /* MetaBackground */ = {
			isa = PBXNativeTarget;
			buildConfigurationList = FA69ED0427622A5A0073C027 /* Build configuration list for PBXNativeTarget "MetaBackground" */;
			buildPhases = (
				FA69ECF127622A590073C027 /* Sources */,
				FA69ECF227622A590073C027 /* Frameworks */,
				FA69ECF327622A590073C027 /* Resources */,
				FA74B005278302E60084F256 /* Embed System Extensions */,
				FAEA114F27853114003F6248 /* Embed App Extensions */,
			);
			buildRules = (
			);
			dependencies = (
			);
			name = MetaBackground;
			productName = OnlyHuman;
			productReference = FA69ECF527622A590073C027 /* MetaBackground.app */;
			productType = "com.apple.product-type.application";
		};
		FAB6C4B62796D14C002B38D2 /* SyncAudio */ = {
			isa = PBXNativeTarget;
			buildConfigurationList = FAB6C4B82796D14C002B38D2 /* Build configuration list for PBXNativeTarget "SyncAudio" */;
			buildPhases = (
				FAB6C4B32796D14C002B38D2 /* Sources */,
				FAB6C4B42796D14C002B38D2 /* Frameworks */,
				FAB6C4B52796D14C002B38D2 /* Resources */,
			);
			buildRules = (
			);
			dependencies = (
			);
			name = SyncAudio;
			productName = SyncAudio;
			productReference = FAB6C4B72796D14C002B38D2 /* SyncAudio.driver */;
			productType = "com.apple.product-type.bundle";
		};
/* End PBXNativeTarget section */

/* Begin PBXProject section */
		FA69ECED27622A590073C027 /* Project object */ = {
			isa = PBXProject;
			attributes = {
				BuildIndependentTargetsInParallel = 1;
				LastSwiftUpdateCheck = 1320;
				LastUpgradeCheck = 1320;
				TargetAttributes = {
					FA69ECF427622A590073C027 = {
						CreatedOnToolsVersion = 13.1;
					};
					FAB6C4B62796D14C002B38D2 = {
						CreatedOnToolsVersion = 13.2.1;
					};
				};
			};
			buildConfigurationList = FA69ECF027622A590073C027 /* Build configuration list for PBXProject "MetaBackground" */;
			compatibilityVersion = "Xcode 13.0";
			developmentRegion = en;
			hasScannedForEncodings = 0;
			knownRegions = (
				en,
				Base,
			);
			mainGroup = FA69ECEC27622A590073C027;
			productRefGroup = FA69ECF627622A590073C027 /* Products */;
			projectDirPath = "";
			projectRoot = "";
			targets = (
				FA69ECF427622A590073C027 /* MetaBackground */,
				FAB6C4B62796D14C002B38D2 /* SyncAudio */,
			);
		};
/* End PBXProject section */

/* Begin PBXResourcesBuildPhase section */
		FA69ECF327622A590073C027 /* Resources */ = {
			isa = PBXResourcesBuildPhase;
			buildActionMask = 2147483647;
			files = (
				FA69ECFD27622A5A0073C027 /* Assets.xcassets in Resources */,
				FA69ED0027622A5A0073C027 /* Main.storyboard in Resources */,
			);
			runOnlyForDeploymentPostprocessing = 0;
		};
		FAB6C4B52796D14C002B38D2 /* Resources */ = {
			isa = PBXResourcesBuildPhase;
			buildActionMask = 2147483647;
			files = (
				FAB6C4CC2796EC87002B38D2 /* Localizable.strings in Resources */,
			);
			runOnlyForDeploymentPostprocessing = 0;
		};
/* End PBXResourcesBuildPhase section */

/* Begin PBXSourcesBuildPhase section */
		FA69ECF127622A590073C027 /* Sources */ = {
			isa = PBXSourcesBuildPhase;
			buildActionMask = 2147483647;
			files = (
				FA69ECFB27622A590073C027 /* ViewController.swift in Sources */,
				FA69ED0C27622D980073C027 /* CVPixelBufferExtension.swift in Sources */,
				FA88984727783F5100C7F45F /* DataProcess.swift in Sources */,
				FA69ED0E27622DE30073C027 /* alexmodel.mlmodel in Sources */,
				FA39000E27744330001CD707 /* Ut.swift in Sources */,
				FA0E2A04277DC4D500D2DC92 /* AlexWindowController.swift in Sources */,
				FA8D955227625AE400B8194C /* Capturer.swift in Sources */,
				FA69ED0A27622D3C0073C027 /* NSImageExtension.swift in Sources */,
				FA69ECF927622A590073C027 /* AppDelegate.swift in Sources */,
			);
			runOnlyForDeploymentPostprocessing = 0;
		};
		FAB6C4B32796D14C002B38D2 /* Sources */ = {
			isa = PBXSourcesBuildPhase;
			buildActionMask = 2147483647;
			files = (
				FAB6C4C82796D730002B38D2 /* SyncAudio.c in Sources */,
			);
			runOnlyForDeploymentPostprocessing = 0;
		};
/* End PBXSourcesBuildPhase section */

/* Begin PBXVariantGroup section */
		FA69ECFE27622A5A0073C027 /* Main.storyboard */ = {
			isa = PBXVariantGroup;
			children = (
				FA69ECFF27622A5A0073C027 /* Base */,
			);
			name = Main.storyboard;
			sourceTree = "<group>";
		};
		FAB6C4CA2796EC87002B38D2 /* Localizable.strings */ = {
			isa = PBXVariantGroup;
			children = (
				FAB6C4CB2796EC87002B38D2 /* en */,
			);
			name = Localizable.strings;
			sourceTree = "<group>";
		};
/* End PBXVariantGroup section */

/* Begin XCBuildConfiguration section */
		FA69ED0227622A5A0073C027 /* Debug */ = {
			isa = XCBuildConfiguration;
			buildSettings = {
				ALWAYS_SEARCH_USER_PATHS = NO;
				CLANG_ANALYZER_NONNULL = YES;
				CLANG_ANALYZER_NUMBER_OBJECT_CONVERSION = YES_AGGRESSIVE;
				CLANG_CXX_LANGUAGE_STANDARD = "gnu++17";
				CLANG_CXX_LIBRARY = "libc++";
				CLANG_ENABLE_MODULES = YES;
				CLANG_ENABLE_OBJC_ARC = YES;
				CLANG_ENABLE_OBJC_WEAK = YES;
				CLANG_WARN_BLOCK_CAPTURE_AUTORELEASING = YES;
				CLANG_WARN_BOOL_CONVERSION = YES;
				CLANG_WARN_COMMA = YES;
				CLANG_WARN_CONSTANT_CONVERSION = YES;
				CLANG_WARN_DEPRECATED_OBJC_IMPLEMENTATIONS = YES;
				CLANG_WARN_DIRECT_OBJC_ISA_USAGE = YES_ERROR;
				CLANG_WARN_DOCUMENTATION_COMMENTS = YES;
				CLANG_WARN_EMPTY_BODY = YES;
				CLANG_WARN_ENUM_CONVERSION = YES;
				CLANG_WARN_INFINITE_RECURSION = YES;
				CLANG_WARN_INT_CONVERSION = YES;
				CLANG_WARN_NON_LITERAL_NULL_CONVERSION = YES;
				CLANG_WARN_OBJC_IMPLICIT_RETAIN_SELF = YES;
				CLANG_WARN_OBJC_LITERAL_CONVERSION = YES;
				CLANG_WARN_OBJC_ROOT_CLASS = YES_ERROR;
				CLANG_WARN_QUOTED_INCLUDE_IN_FRAMEWORK_HEADER = YES;
				CLANG_WARN_RANGE_LOOP_ANALYSIS = YES;
				CLANG_WARN_STRICT_PROTOTYPES = YES;
				CLANG_WARN_SUSPICIOUS_MOVE = YES;
				CLANG_WARN_UNGUARDED_AVAILABILITY = YES_AGGRESSIVE;
				CLANG_WARN_UNREACHABLE_CODE = YES;
				CLANG_WARN__DUPLICATE_METHOD_MATCH = YES;
				COPY_PHASE_STRIP = NO;
				DEBUG_INFORMATION_FORMAT = dwarf;
				ENABLE_STRICT_OBJC_MSGSEND = YES;
				ENABLE_TESTABILITY = YES;
				GCC_C_LANGUAGE_STANDARD = gnu11;
				GCC_DYNAMIC_NO_PIC = NO;
				GCC_NO_COMMON_BLOCKS = YES;
				GCC_OPTIMIZATION_LEVEL = 0;
				GCC_PREPROCESSOR_DEFINITIONS = (
					"DEBUG=1",
					"$(inherited)",
				);
				GCC_WARN_64_TO_32_BIT_CONVERSION = YES;
				GCC_WARN_ABOUT_RETURN_TYPE = YES_ERROR;
				GCC_WARN_UNDECLARED_SELECTOR = YES;
				GCC_WARN_UNINITIALIZED_AUTOS = YES_AGGRESSIVE;
				GCC_WARN_UNUSED_FUNCTION = YES;
				GCC_WARN_UNUSED_VARIABLE = YES;
				MACOSX_DEPLOYMENT_TARGET = 12.0;
				MTL_ENABLE_DEBUG_INFO = INCLUDE_SOURCE;
				MTL_FAST_MATH = YES;
				ONLY_ACTIVE_ARCH = YES;
				SDKROOT = macosx;
				SWIFT_ACTIVE_COMPILATION_CONDITIONS = DEBUG;
				SWIFT_OPTIMIZATION_LEVEL = "-Onone";
			};
			name = Debug;
		};
		FA69ED0327622A5A0073C027 /* Release */ = {
			isa = XCBuildConfiguration;
			buildSettings = {
				ALWAYS_SEARCH_USER_PATHS = NO;
				CLANG_ANALYZER_NONNULL = YES;
				CLANG_ANALYZER_NUMBER_OBJECT_CONVERSION = YES_AGGRESSIVE;
				CLANG_CXX_LANGUAGE_STANDARD = "gnu++17";
				CLANG_CXX_LIBRARY = "libc++";
				CLANG_ENABLE_MODULES = YES;
				CLANG_ENABLE_OBJC_ARC = YES;
				CLANG_ENABLE_OBJC_WEAK = YES;
				CLANG_WARN_BLOCK_CAPTURE_AUTORELEASING = YES;
				CLANG_WARN_BOOL_CONVERSION = YES;
				CLANG_WARN_COMMA = YES;
				CLANG_WARN_CONSTANT_CONVERSION = YES;
				CLANG_WARN_DEPRECATED_OBJC_IMPLEMENTATIONS = YES;
				CLANG_WARN_DIRECT_OBJC_ISA_USAGE = YES_ERROR;
				CLANG_WARN_DOCUMENTATION_COMMENTS = YES;
				CLANG_WARN_EMPTY_BODY = YES;
				CLANG_WARN_ENUM_CONVERSION = YES;
				CLANG_WARN_INFINITE_RECURSION = YES;
				CLANG_WARN_INT_CONVERSION = YES;
				CLANG_WARN_NON_LITERAL_NULL_CONVERSION = YES;
				CLANG_WARN_OBJC_IMPLICIT_RETAIN_SELF = YES;
				CLANG_WARN_OBJC_LITERAL_CONVERSION = YES;
				CLANG_WARN_OBJC_ROOT_CLASS = YES_ERROR;
				CLANG_WARN_QUOTED_INCLUDE_IN_FRAMEWORK_HEADER = YES;
				CLANG_WARN_RANGE_LOOP_ANALYSIS = YES;
				CLANG_WARN_STRICT_PROTOTYPES = YES;
				CLANG_WARN_SUSPICIOUS_MOVE = YES;
				CLANG_WARN_UNGUARDED_AVAILABILITY = YES_AGGRESSIVE;
				CLANG_WARN_UNREACHABLE_CODE = YES;
				CLANG_WARN__DUPLICATE_METHOD_MATCH = YES;
				COPY_PHASE_STRIP = NO;
				DEBUG_INFORMATION_FORMAT = "dwarf-with-dsym";
				ENABLE_NS_ASSERTIONS = NO;
				ENABLE_STRICT_OBJC_MSGSEND = YES;
				GCC_C_LANGUAGE_STANDARD = gnu11;
				GCC_NO_COMMON_BLOCKS = YES;
				GCC_WARN_64_TO_32_BIT_CONVERSION = YES;
				GCC_WARN_ABOUT_RETURN_TYPE = YES_ERROR;
				GCC_WARN_UNDECLARED_SELECTOR = YES;
				GCC_WARN_UNINITIALIZED_AUTOS = YES_AGGRESSIVE;
				GCC_WARN_UNUSED_FUNCTION = YES;
				GCC_WARN_UNUSED_VARIABLE = YES;
				MACOSX_DEPLOYMENT_TARGET = 12.0;
				MTL_ENABLE_DEBUG_INFO = NO;
				MTL_FAST_MATH = YES;
				SDKROOT = macosx;
				SWIFT_COMPILATION_MODE = wholemodule;
				SWIFT_OPTIMIZATION_LEVEL = "-O";
			};
			name = Release;
		};
		FA69ED0527622A5A0073C027 /* Debug */ = {
			isa = XCBuildConfiguration;
			buildSettings = {
				ASSETCATALOG_COMPILER_APPICON_NAME = AppIcon;
				ASSETCATALOG_COMPILER_GLOBAL_ACCENT_COLOR_NAME = AccentColor;
				CODE_SIGN_ENTITLEMENTS = MetaBackground/MetaBackground.entitlements;
				CODE_SIGN_IDENTITY = "Mac Developer";
				CODE_SIGN_STYLE = Automatic;
				COMBINE_HIDPI_IMAGES = YES;
				CURRENT_PROJECT_VERSION = 3;
				DEVELOPMENT_TEAM = 39G5N7DUJH;
				ENABLE_HARDENED_RUNTIME = YES;
				GENERATE_INFOPLIST_FILE = YES;
				INFOPLIST_KEY_LSApplicationCategoryType = "public.app-category.utilities";
				INFOPLIST_KEY_NSCameraUsageDescription = "We need Camera to capture";
				INFOPLIST_KEY_NSHumanReadableCopyright = "AlexJean 2022";
				INFOPLIST_KEY_NSMainStoryboardFile = Main;
				INFOPLIST_KEY_NSPrincipalClass = NSApplication;
				LD_RUNPATH_SEARCH_PATHS = (
					"$(inherited)",
					"@executable_path/../Frameworks",
				);
				MACOSX_DEPLOYMENT_TARGET = 12.1;
				MARKETING_VERSION = 1.03;
				PRODUCT_BUNDLE_IDENTIFIER = be.goodbrain.MetaBackground;
				PRODUCT_NAME = "$(TARGET_NAME)";
				PROVISIONING_PROFILE_SPECIFIER = "";
				SWIFT_EMIT_LOC_STRINGS = YES;
				SWIFT_VERSION = 5.0;
			};
			name = Debug;
		};
		FA69ED0627622A5A0073C027 /* Release */ = {
			isa = XCBuildConfiguration;
			buildSettings = {
				ASSETCATALOG_COMPILER_APPICON_NAME = AppIcon;
				ASSETCATALOG_COMPILER_GLOBAL_ACCENT_COLOR_NAME = AccentColor;
				CODE_SIGN_ENTITLEMENTS = MetaBackground/MetaBackground.entitlements;
				CODE_SIGN_IDENTITY = "Mac Developer";
				CODE_SIGN_STYLE = Automatic;
				COMBINE_HIDPI_IMAGES = YES;
				CURRENT_PROJECT_VERSION = 3;
				DEVELOPMENT_TEAM = 39G5N7DUJH;
				ENABLE_HARDENED_RUNTIME = YES;
				GENERATE_INFOPLIST_FILE = YES;
				INFOPLIST_KEY_LSApplicationCategoryType = "public.app-category.utilities";
				INFOPLIST_KEY_NSCameraUsageDescription = "We need Camera to capture";
				INFOPLIST_KEY_NSHumanReadableCopyright = "AlexJean 2022";
				INFOPLIST_KEY_NSMainStoryboardFile = Main;
				INFOPLIST_KEY_NSPrincipalClass = NSApplication;
				LD_RUNPATH_SEARCH_PATHS = (
					"$(inherited)",
					"@executable_path/../Frameworks",
				);
				MACOSX_DEPLOYMENT_TARGET = 12.1;
				MARKETING_VERSION = 1.03;
				PRODUCT_BUNDLE_IDENTIFIER = be.goodbrain.MetaBackground;
				PRODUCT_NAME = "$(TARGET_NAME)";
				PROVISIONING_PROFILE_SPECIFIER = "";
				SWIFT_EMIT_LOC_STRINGS = YES;
				SWIFT_VERSION = 5.0;
			};
			name = Release;
		};
		FAB6C4B92796D14C002B38D2 /* Debug */ = {
			isa = XCBuildConfiguration;
			buildSettings = {
				CLANG_CXX_LANGUAGE_STANDARD = "c++17";
				CLANG_ENABLE_MODULES = NO;
				CLANG_ENABLE_OBJC_ARC = NO;
				CLANG_WARN_DOCUMENTATION_COMMENTS = NO;
				CODE_SIGN_STYLE = Automatic;
				COMBINE_HIDPI_IMAGES = YES;
				COPY_PHASE_STRIP = YES;
				CURRENT_PROJECT_VERSION = 1;
				DEAD_CODE_STRIPPING = YES;
				DEVELOPMENT_TEAM = 39G5N7DUJH;
				DSTROOT = "/tmp/$(TARGET_NAME).dst";
				GCC_C_LANGUAGE_STANDARD = c11;
				GCC_WARN_SHADOW = YES;
				GENERATE_INFOPLIST_FILE = YES;
				INFOPLIST_FILE = "SyncAudio-Info.plist";
				INFOPLIST_KEY_NSHumanReadableCopyright = "Be GoodBrain 2022";
				INSTALL_PATH = "$(LOCAL_LIBRARY_DIR)/Audio/Plug-Ins/HAL";
				MACOSX_DEPLOYMENT_TARGET = 12.1;
				MARKETING_VERSION = 1.0;
				PRODUCT_BUNDLE_IDENTIFIER = be.goodbrain.SyncAudio;
				PRODUCT_NAME = "$(TARGET_NAME)";
				SAMPLE_CODE_DISAMBIGUATOR = "${DEVELOPMENT_TEAM}";
				SKIP_INSTALL = NO;
				SWIFT_EMIT_LOC_STRINGS = YES;
				WRAPPER_EXTENSION = driver;
			};
			name = Debug;
		};
		FAB6C4BA2796D14C002B38D2 /* Release */ = {
			isa = XCBuildConfiguration;
			buildSettings = {
				CLANG_CXX_LANGUAGE_STANDARD = "c++17";
				CLANG_ENABLE_MODULES = NO;
				CLANG_ENABLE_OBJC_ARC = NO;
				CLANG_WARN_DOCUMENTATION_COMMENTS = NO;
				CODE_SIGN_STYLE = Automatic;
				COMBINE_HIDPI_IMAGES = YES;
				COPY_PHASE_STRIP = YES;
				CURRENT_PROJECT_VERSION = 1;
				DEAD_CODE_STRIPPING = YES;
				DEVELOPMENT_TEAM = 39G5N7DUJH;
				DSTROOT = "/tmp/$(TARGET_NAME).dst";
				GCC_C_LANGUAGE_STANDARD = c11;
				GCC_PREPROCESSOR_DEFINITIONS = "DEBUG=0";
				GCC_WARN_SHADOW = YES;
				GENERATE_INFOPLIST_FILE = YES;
				INFOPLIST_FILE = "SyncAudio-Info.plist";
				INFOPLIST_KEY_NSHumanReadableCopyright = "Be GoodBrain 2022";
				INSTALL_PATH = "$(LOCAL_LIBRARY_DIR)/Audio/Plug-Ins/HAL";
				MACOSX_DEPLOYMENT_TARGET = 12.1;
				MARKETING_VERSION = 1.0;
				PRODUCT_BUNDLE_IDENTIFIER = be.goodbrain.SyncAudio;
				PRODUCT_NAME = "$(TARGET_NAME)";
				SAMPLE_CODE_DISAMBIGUATOR = "${DEVELOPMENT_TEAM}";
				SKIP_INSTALL = NO;
				SWIFT_EMIT_LOC_STRINGS = YES;
				WRAPPER_EXTENSION = driver;
			};
			name = Release;
		};
/* End XCBuildConfiguration section */

/* Begin XCConfigurationList section */
		FA69ECF027622A590073C027 /* Build configuration list for PBXProject "MetaBackground" */ = {
			isa = XCConfigurationList;
			buildConfigurations = (
				FA69ED0227622A5A0073C027 /* Debug */,
				FA69ED0327622A5A0073C027 /* Release */,
			);
			defaultConfigurationIsVisible = 0;
			defaultConfigurationName = Release;
		};
		FA69ED0427622A5A0073C027 /* Build configuration list for PBXNativeTarget "MetaBackground" */ = {
			isa = XCConfigurationList;
			buildConfigurations = (
				FA69ED0527622A5A0073C027 /* Debug */,
				FA69ED0627622A5A0073C027 /* Release */,
			);
			defaultConfigurationIsVisible = 0;
			defaultConfigurationName = Release;
		};
		FAB6C4B82796D14C002B38D2 /* Build configuration list for PBXNativeTarget "SyncAudio" */ = {
			isa = XCConfigurationList;
			buildConfigurations = (
				FAB6C4B92796D14C002B38D2 /* Debug */,
				FAB6C4BA2796D14C002B38D2 /* Release */,
			);
			defaultConfigurationIsVisible = 0;
			defaultConfigurationName = Release;
		};
/* End XCConfigurationList section */
	};
	rootObject = FA69ECED27622A590073C027 /* Project object */;
}
